
Microsoft Visual Studio Solution File, Format Version 12.00
# Visual Studio Version 16
VisualStudioVersion = 16.0.30320.27
MinimumVisualStudioVersion = 10.0.40219.1
Project("{2150E333-8FDC-42A3-9474-1A3956D46DE8}") = "src", "src", "{33198A0E-BD89-41A5-9925-0179CF9629FC}"
	ProjectSection(SolutionItems) = preProject
		src\Mail.cs = src\Mail.cs
	EndProjectSection
EndProject
Project("{FAE04EC0-301F-11D3-BF4B-00C04F79EFBC}") = "Atomus.Net.Mail(dotNet)", "dotNet\Atomus.Net.Mail(dotNet).csproj", "{AC1F0939-3D7E-48DC-8581-C331FEFF2B01}"
EndProject
Project("{FAE04EC0-301F-11D3-BF4B-00C04F79EFBC}") = "Atomus.Net.Mail(dotNetCore)", "dotNetCore\Atomus.Net.Mail(dotNetCore).csproj", "{01E5583C-6E21-4364-9803-FAEEFFBC4BCD}"
EndProject
Global
	GlobalSection(SolutionConfigurationPlatforms) = preSolution
		Debug|Any CPU = Debug|Any CPU
		Release|Any CPU = Release|Any CPU
	EndGlobalSection
	GlobalSection(ProjectConfigurationPlatforms) = postSolution
		{AC1F0939-3D7E-48DC-8581-C331FEFF2B01}.Debug|Any CPU.ActiveCfg = Debug|Any CPU
		{AC1F0939-3D7E-48DC-8581-C331FEFF2B01}.Debug|Any CPU.Build.0 = Debug|Any CPU
		{AC1F0939-3D7E-48DC-8581-C331FEFF2B01}.Release|Any CPU.ActiveCfg = Release|Any CPU
		{AC1F0939-3D7E-48DC-8581-C331FEFF2B01}.Release|Any CPU.Build.0 = Release|Any CPU
		{01E5583C-6E21-4364-9803-FAEEFFBC4BCD}.Debug|Any CPU.ActiveCfg = Debug|Any CPU
		{01E5583C-6E21-4364-9803-FAEEFFBC4BCD}.Debug|Any CPU.Build.0 = Debug|Any CPU
		{01E5583C-6E21-4364-9803-FAEEFFBC4BCD}.Release|Any CPU.ActiveCfg = Release|Any CPU
		{01E5583C-6E21-4364-9803-FAEEFFBC4BCD}.Release|Any CPU.Build.0 = Release|Any CPU
	EndGlobalSection
	GlobalSection(SolutionProperties) = preSolution
		HideSolutionNode = FALSE
	EndGlobalSection
	GlobalSection(ExtensibilityGlobals) = postSolution
		SolutionGuid = {5CF8ECA3-B9B0-47A6-AB60-D4205BBE66C3}
	EndGlobalSection
EndGlobal
